# THIS IS AN AUTOGENERATED FILE. DO NOT EDIT THIS FILE DIRECTLY.
# yarn lockfile v1


"@snowpack/plugin-typescript@^1.2.1":
  version "1.2.1"
  resolved "https://registry.yarnpkg.com/@snowpack/plugin-typescript/-/plugin-typescript-1.2.1.tgz#7170b039d16d41963cc61a714fe7c37f3fdd9d51"
  integrity sha512-wU+JNaMVkqGsqTaUY7TnEMhGt/3URTgA9dpMCtZX6wn/ceA7Gwlmue/sOLynf0OTNLygHPvjiQECQYkEi3LTtg==
  dependencies:
    execa "^5.0.0"
    npm-run-path "^4.0.1"

"@types/snowpack-env@^2.3.3":
  version "2.3.3"
  resolved "https://registry.yarnpkg.com/@types/snowpack-env/-/snowpack-env-2.3.3.tgz#d2dfb1fb8557aa8bb517606d5dfa249cc861c3ff"
  integrity sha512-riJuu2fR3qhBfpWJtqQtNwYJFvquiXfqdprXvZjSNmscnZbIVyHoM49ZVEM1bciKM1mWOCdjXymOYHyGh2WLtg==

ajv-errors@^1.0.0:
  version "1.0.1"
  resolved "https://registry.yarnpkg.com/ajv-errors/-/ajv-errors-1.0.1.tgz#f35986aceb91afadec4102fbd85014950cefa64d"
  integrity sha512-DCRfO/4nQ+89p/RK43i8Ezd41EqdGIU4ld7nGF8OQ14oc/we5rEntLCUa7+jrn3nn83BosfwZA0wb4pon2o8iQ==

ajv-keywords@^3.1.0:
  version "3.5.2"
  resolved "https://registry.yarnpkg.com/ajv-keywords/-/ajv-keywords-3.5.2.tgz#31f29da5ab6e00d1c2d329acf7b5929614d5014d"
  integrity sha512-5p6WTN0DdTGVQk6VjcEju19IgaHudalcfabD7yhDGeA6bcQnmL+CpveLJq/3hvfwd1aof6L386Ougkx6RfyMIQ==

ajv@^6.1.0:
  version "6.12.6"
  resolved "https://registry.yarnpkg.com/ajv/-/ajv-6.12.6.tgz#baf5a62e802b07d977034586f8c3baf5adf26df4"
  integrity sha512-j3fVLgvTo527anyYyJOGTYJbG+vnnQYvE0m5mmkc1TK+nxAppkCLMIL0aZ4dblVCNoGShhm+kzE4ZUykBoMg4g==
  dependencies:
    fast-deep-equal "^3.1.1"
    fast-json-stable-stringify "^2.0.0"
    json-schema-traverse "^0.4.1"
    uri-js "^4.2.2"

big.js@^3.1.3:
  version "3.2.0"
  resolved "https://registry.yarnpkg.com/big.js/-/big.js-3.2.0.tgz#a5fc298b81b9e0dca2e458824784b65c52ba588e"
  integrity sha512-+hN/Zh2D08Mx65pZ/4g5bsmNiZUuChDiQfTUQ7qJr4/kuopCr88xZsAXv6mBoZEsUI4OuGHlX59qE94K2mMW8Q==

browser-fingerprint@0.0.1:
  version "0.0.1"
  resolved "https://registry.yarnpkg.com/browser-fingerprint/-/browser-fingerprint-0.0.1.tgz#8df3cdca25bf7d5b3542d61545d730053fce604a"
  integrity sha1-jfPNyiW/fVs1QtYVRdcwBT/OYEo=

class-list@~0.1.1:
  version "0.1.1"
  resolved "https://registry.yarnpkg.com/class-list/-/class-list-0.1.1.tgz#9b9745192c4179b5da0a0d7633658e3c70d796cb"
  integrity sha1-m5dFGSxBebXaCg12M2WOPHDXlss=
  dependencies:
    indexof "0.0.1"

core-js@^1.1.1:
  version "1.2.7"
  resolved "https://registry.yarnpkg.com/core-js/-/core-js-1.2.7.tgz#652294c14651db28fa93bd2d5ff2983a4f08c636"
  integrity sha1-ZSKUwUZR2yj6k70tX/KYOk8IxjY=

cross-spawn@^7.0.3:
  version "7.0.3"
  resolved "https://registry.yarnpkg.com/cross-spawn/-/cross-spawn-7.0.3.tgz#f73a85b9d5d41d045551c177e2882d4ac85728a6"
  integrity sha512-iRDPJKUPVEND7dHPO8rkbOnPpyDygcDFtWjpeWNCgy8WP2rXcxXL8TskReQl6OrB2G7+UJrags1q15Fudc7G6w==
  dependencies:
    path-key "^3.1.0"
    shebang-command "^2.0.0"
    which "^2.0.1"

cuid@1.3.8:
  version "1.3.8"
  resolved "https://registry.yarnpkg.com/cuid/-/cuid-1.3.8.tgz#4b875e0969bad764f7ec0706cf44f5fb0831f6b7"
  integrity sha1-S4deCWm612T37AcGz0T1+wgx9rc=
  dependencies:
    browser-fingerprint "0.0.1"
    core-js "^1.1.1"
    node-fingerprint "0.0.2"

emojis-list@^2.0.0:
  version "2.1.0"
  resolved "https://registry.yarnpkg.com/emojis-list/-/emojis-list-2.1.0.tgz#4daa4d9db00f9819880c79fa457ae5b09a1fd389"
  integrity sha1-TapNnbAPmBmIDHn6RXrlsJof04k=

esbuild@^0.8.7:
  version "0.8.39"
  resolved "https://registry.yarnpkg.com/esbuild/-/esbuild-0.8.39.tgz#18b84a3d56173c55ee8f45bc6c7b5374b0a98ecb"
  integrity sha512-/do5H74a5ChyeKRWfkDh3EpICXpsz6dWTtFFbotb7BlIHvWqnRrZYDb8IBubOHdEtKzuiksilRO19aBtp3/HHQ==

execa@^5.0.0:
  version "5.0.0"
  resolved "https://registry.yarnpkg.com/execa/-/execa-5.0.0.tgz#4029b0007998a841fbd1032e5f4de86a3c1e3376"
  integrity sha512-ov6w/2LCiuyO4RLYGdpFGjkcs0wMTgGE8PrkTHikeUy5iJekXyPIKUjifk5CsE0pt7sMCrMZ3YNqoCj6idQOnQ==
  dependencies:
    cross-spawn "^7.0.3"
    get-stream "^6.0.0"
    human-signals "^2.1.0"
    is-stream "^2.0.0"
    merge-stream "^2.0.0"
    npm-run-path "^4.0.1"
    onetime "^5.1.2"
    signal-exit "^3.0.3"
    strip-final-newline "^2.0.0"

fast-deep-equal@^3.1.1:
  version "3.1.3"
  resolved "https://registry.yarnpkg.com/fast-deep-equal/-/fast-deep-equal-3.1.3.tgz#3a7d56b559d6cbc3eb512325244e619a65c6c525"
  integrity sha512-f3qQ9oQy9j2AhBe/H9VC91wLmKBCCU/gDOnKNAYG5hswO7BLKj09Hc5HYNz9cGI++xlpDCIgDaitVs03ATR84Q==

fast-json-stable-stringify@^2.0.0:
  version "2.1.0"
  resolved "https://registry.yarnpkg.com/fast-json-stable-stringify/-/fast-json-stable-stringify-2.1.0.tgz#874bf69c6f404c2b5d99c481341399fd55892633"
  integrity sha512-lhd/wF+Lk98HZoTCtlVraHtfh5XYijIjalXck7saUtuanSDyLMxnHhSXEDJqHxD7msR8D0uCmqlkwjCV8xvwHw==

fsevents@^2.2.0, fsevents@~2.3.1:
  version "2.3.1"
  resolved "https://registry.yarnpkg.com/fsevents/-/fsevents-2.3.1.tgz#b209ab14c61012636c8863507edf7fb68cc54e9f"
  integrity sha512-YR47Eg4hChJGAB1O3yEAOkGO+rlzutoICGqGo9EZ4lKWokzZRSyIW1QmTzqjtw8MJdj9srP869CuWw/hyzSiBw==

get-stream@^6.0.0:
  version "6.0.0"
  resolved "https://registry.yarnpkg.com/get-stream/-/get-stream-6.0.0.tgz#3e0012cb6827319da2706e601a1583e8629a6718"
  integrity sha512-A1B3Bh1UmL0bidM/YX2NsCOTnGJePL9rO/M+Mw3m9f2gUpfokS0hi5Eah0WSUEWZdZhIZtMjkIYS7mDfOqNHbg==

html-element@2.3.0:
  version "2.3.0"
  resolved "https://registry.yarnpkg.com/html-element/-/html-element-2.3.0.tgz#0e5c1d979223b0febfbcacdeb56c75d1e9297de9"
  integrity sha512-axsAv89JAxk/zSSOn+jK5dJ1eAUVSkienyIcruAe/kD5skC/E/HxjFfCfNYv8+A9m7BXR9kfL4ZD1ZobUfUWzQ==
  dependencies:
    class-list "~0.1.1"

human-signals@^2.1.0:
  version "2.1.0"
  resolved "https://registry.yarnpkg.com/human-signals/-/human-signals-2.1.0.tgz#dc91fcba42e4d06e4abaed33b3e7a3c02f514ea0"
  integrity sha512-B4FFZ6q/T2jhhksgkbEW3HBvWIfDW85snkQgawt07S7J5QXTk6BkNV+0yAeZrM5QpMAdYlocGoljn0sJ/WQkFw==

indexof@0.0.1:
  version "0.0.1"
  resolved "https://registry.yarnpkg.com/indexof/-/indexof-0.0.1.tgz#82dc336d232b9062179d05ab3293a66059fd435d"
  integrity sha1-gtwzbSMrkGIXnQWrMpOmYFn9Q10=

is-docker@^2.0.0:
  version "2.1.1"
  resolved "https://registry.yarnpkg.com/is-docker/-/is-docker-2.1.1.tgz#4125a88e44e450d384e09047ede71adc2d144156"
  integrity sha512-ZOoqiXfEwtGknTiuDEy8pN2CfE3TxMHprvNer1mXiqwkOT77Rw3YVrUQ52EqAOU3QAWDQ+bQdx7HJzrv7LS2Hw==

is-stream@^2.0.0:
  version "2.0.0"
  resolved "https://registry.yarnpkg.com/is-stream/-/is-stream-2.0.0.tgz#bde9c32680d6fae04129d6ac9d921ce7815f78e3"
  integrity sha512-XCoy+WlUr7d1+Z8GgSuXmpuUFC9fOhRXglJMx+dwLKTkL44Cjd4W1Z5P+BQZpr+cR93aGP4S/s7Ftw6Nd/kiEw==

is-wsl@^2.1.1:
  version "2.2.0"
  resolved "https://registry.yarnpkg.com/is-wsl/-/is-wsl-2.2.0.tgz#74a4c76e77ca9fd3f932f290c17ea326cd157271"
  integrity sha512-fKzAra0rGJUUBwGBgNkHZuToZcn+TtXHpeCgmkMJMMYx1sQDYaCSyjJBSCa2nH1DGm7s3n1oBnohoVTBaN7Lww==
  dependencies:
    is-docker "^2.0.0"

isexe@^2.0.0:
  version "2.0.0"
  resolved "https://registry.yarnpkg.com/isexe/-/isexe-2.0.0.tgz#e8fbf374dc556ff8947a10dcb0572d633f2cfa10"
  integrity sha1-6PvzdNxVb/iUehDcsFctYz8s+hA=

json-schema-traverse@^0.4.1:
  version "0.4.1"
  resolved "https://registry.yarnpkg.com/json-schema-traverse/-/json-schema-traverse-0.4.1.tgz#69f6a87d9513ab8bb8fe63bdb0979c448e684660"
  integrity sha512-xbbCH5dCYU5T8LcEhhuh7HJ88HXuW3qsI3Y0zOZFKfZEHcpWiHU/Jxzk629Brsab/mMiHQti9wMP+845RPe3Vg==

json5@^0.5.0:
  version "0.5.1"
  resolved "https://registry.yarnpkg.com/json5/-/json5-0.5.1.tgz#1eade7acc012034ad84e2396767ead9fa5495821"
  integrity sha1-Hq3nrMASA0rYTiOWdn6tn6VJWCE=

loader-utils@1.1.0:
  version "1.1.0"
  resolved "https://registry.yarnpkg.com/loader-utils/-/loader-utils-1.1.0.tgz#c98aef488bcceda2ffb5e2de646d6a754429f5cd"
  integrity sha1-yYrvSIvM7aL/teLeZG1qdUQp9c0=
  dependencies:
    big.js "^3.1.3"
    emojis-list "^2.0.0"
    json5 "^0.5.0"

lodash.pick@4.4.0:
  version "4.4.0"
  resolved "https://registry.yarnpkg.com/lodash.pick/-/lodash.pick-4.4.0.tgz#52f05610fff9ded422611441ed1fc123a03001b3"
  integrity sha1-UvBWEP/53tQiYRRB7R/BI6AwAbM=

merge-stream@^2.0.0:
  version "2.0.0"
  resolved "https://registry.yarnpkg.com/merge-stream/-/merge-stream-2.0.0.tgz#52823629a14dd00c9770fb6ad47dc6310f2c1f60"
  integrity sha512-abv/qOcuPfk3URPfDzmZU1LKmuw8kT+0nIHvKrKgFrwifol/doWcdA4ZqsWQ8ENrFKkd67Mfpo/LovbIUsbt3w==

mimic-fn@^2.1.0:
  version "2.1.0"
  resolved "https://registry.yarnpkg.com/mimic-fn/-/mimic-fn-2.1.0.tgz#7ed2c2ccccaf84d3ffcb7a69b57711fc2083401b"
  integrity sha512-OqbOk5oEQeAZ8WXWydlu9HJjz9WVdEIvamMCcXmuqUYjTknH/sqsWvhQ3vgwKFRR1HpjvNBKQ37nbJgYzGqGcg==

node-fingerprint@0.0.2:
  version "0.0.2"
  resolved "https://registry.yarnpkg.com/node-fingerprint/-/node-fingerprint-0.0.2.tgz#31cbabeb71a67ae7dd5a7dc042e51c3c75868501"
  integrity sha1-Mcur63GmeufdWn3AQuUcPHWGhQE=

npm-run-path@^4.0.1:
  version "4.0.1"
  resolved "https://registry.yarnpkg.com/npm-run-path/-/npm-run-path-4.0.1.tgz#b7ecd1e5ed53da8e37a55e1c2269e0b97ed748ea"
  integrity sha512-S48WzZW777zhNIrn7gxOlISNAqi9ZC/uQFnRdbeIHhZhCA6UqpkOT8T1G7BvfdgP4Er8gF4sUbaS0i7QvIfCWw==
  dependencies:
    path-key "^3.0.0"

onetime@^5.1.2:
  version "5.1.2"
  resolved "https://registry.yarnpkg.com/onetime/-/onetime-5.1.2.tgz#d0e96ebb56b07476df1dd9c4806e5237985ca45e"
  integrity sha512-kbpaSSGJTWdAY5KPVeMOKXSrPtr8C8C7wodJbcsd51jRnmD+GZu8Y0VoU6Dm5Z4vWr0Ig/1NKuWRKf7j5aaYSg==
  dependencies:
    mimic-fn "^2.1.0"

open@^7.0.4:
  version "7.4.0"
  resolved "https://registry.yarnpkg.com/open/-/open-7.4.0.tgz#ad95b98f871d9acb0ec8fecc557082cc9986626b"
  integrity sha512-PGoBCX/lclIWlpS/R2PQuIR4NJoXh6X5AwVzE7WXnWRGvHg7+4TBCgsujUgiPpm0K1y4qvQeWnCWVTpTKZBtvA==
  dependencies:
    is-docker "^2.0.0"
    is-wsl "^2.1.1"

panel@^5.7.0:
  version "5.7.0"
  resolved "https://registry.yarnpkg.com/panel/-/panel-5.7.0.tgz#61b1f0b9a781d8c3cc68b8a498aea15be6982fb0"
  integrity sha512-MZoYry8z6wtuBz/htFBgGN4wVh1bOzbOgIst6Q7O1b6m+/YlEtA+9RAy2uoLuhAHfhFc5E7+SDJ3M21eCnIgdw==
  dependencies:
    cuid "1.3.8"
    html-element "2.3.0"
    loader-utils "1.1.0"
    lodash.pick "4.4.0"
    raf "3.2.0"
    schema-utils "1.0.0"
    snabbdom "0.7.4"
    snabbdom-delayed-class "0.1.1"
    snabbdom-jsx-lite "1.0.11"
    webcomponent "1.2.2"

path-key@^3.0.0, path-key@^3.1.0:
  version "3.1.1"
  resolved "https://registry.yarnpkg.com/path-key/-/path-key-3.1.1.tgz#581f6ade658cbba65a0d3380de7753295054f375"
  integrity sha512-ojmeN0qd+y0jszEtoY48r0Peq5dwMEkIlCOu6Q5f41lfkswXuKtYrhgoTpLnyIcHm24Uhqx+5Tqm2InSwLhE6Q==

performance-now@~0.2.0:
  version "0.2.0"
  resolved "https://registry.yarnpkg.com/performance-now/-/performance-now-0.2.0.tgz#33ef30c5c77d4ea21c5a53869d91b56d8f2555e5"
  integrity sha1-M+8wxcd9TqIcWlOGnZG1bY8lVeU=

prettier@^2.2.1:
  version "2.2.1"
  resolved "https://registry.yarnpkg.com/prettier/-/prettier-2.2.1.tgz#795a1a78dd52f073da0cd42b21f9c91381923ff5"
  integrity sha512-PqyhM2yCjg/oKkFPtTGUojv7gnZAoG80ttl45O6x2Ug/rMJw4wcc9k6aaf2hibP7BGVCCM33gZoGjyvt9mm16Q==

punycode@^2.1.0:
  version "2.1.1"
  resolved "https://registry.yarnpkg.com/punycode/-/punycode-2.1.1.tgz#b58b010ac40c22c5657616c8d2c2c02c7bf479ec"
  integrity sha512-XRsRjdf+j5ml+y/6GKHPZbrF/8p2Yga0JPtdqTIY2Xe5ohJPD9saDJJLPvp9+NSBprVvevdXZybnj2cv8OEd0A==

raf@3.2.0:
  version "3.2.0"
  resolved "https://registry.yarnpkg.com/raf/-/raf-3.2.0.tgz#2aba9a09bb70f8c2e9094dc60ace7c374fadec7e"
  integrity sha1-KrqaCbtw+MLpCU3GCs58N0+t7H4=
  dependencies:
    performance-now "~0.2.0"

rollup@^2.34.0:
  version "2.38.4"
  resolved "https://registry.yarnpkg.com/rollup/-/rollup-2.38.4.tgz#1b84ea8728c73b1a00a6a6e9c630ec8c3fe48cea"
  integrity sha512-B0LcJhjiwKkTl79aGVF/u5KdzsH8IylVfV56Ut6c9ouWLJcUK17T83aZBetNYSnZtXf2OHD4+2PbmRW+Fp5ulg==
  optionalDependencies:
    fsevents "~2.3.1"

schema-utils@1.0.0:
  version "1.0.0"
  resolved "https://registry.yarnpkg.com/schema-utils/-/schema-utils-1.0.0.tgz#0b79a93204d7b600d4b2850d1f66c2a34951c770"
  integrity sha512-i27Mic4KovM/lnGsy8whRCHhc7VicJajAjTrYg11K9zfZXnYIt4k5F+kZkwjnrhKzLic/HLU4j11mjsz2G/75g==
  dependencies:
    ajv "^6.1.0"
    ajv-errors "^1.0.0"
    ajv-keywords "^3.1.0"

shebang-command@^2.0.0:
  version "2.0.0"
  resolved "https://registry.yarnpkg.com/shebang-command/-/shebang-command-2.0.0.tgz#ccd0af4f8835fbdc265b82461aaf0c36663f34ea"
  integrity sha512-kHxr2zZpYtdmrN1qDjrrX/Z1rR1kG8Dx+gkpK1G4eXmvXswmcE1hTWBWYUzlraYw1/yZp6YuDY77YtvbN0dmDA==
  dependencies:
    shebang-regex "^3.0.0"

shebang-regex@^3.0.0:
  version "3.0.0"
  resolved "https://registry.yarnpkg.com/shebang-regex/-/shebang-regex-3.0.0.tgz#ae16f1644d873ecad843b0307b143362d4c42172"
  integrity sha512-7++dFhtcx3353uBaq8DDR4NuxBetBzC7ZQOhmTQInHEd6bSrXdiEyzCvG07Z44UYdLShWUyXt5M/yhz8ekcb1A==

signal-exit@^3.0.3:
  version "3.0.3"
  resolved "https://registry.yarnpkg.com/signal-exit/-/signal-exit-3.0.3.tgz#a1410c2edd8f077b08b4e253c8eacfcaf057461c"
  integrity sha512-VUJ49FC8U1OxwZLxIbTTrDvLnf/6TDgxZcK8wxR8zs13xpx7xbG60ndBlhNrFi2EMuFRoeDoJO7wthSLq42EjA==

snabbdom-delayed-class@0.1.1:
  version "0.1.1"
  resolved "https://registry.yarnpkg.com/snabbdom-delayed-class/-/snabbdom-delayed-class-0.1.1.tgz#3bbdc8ba0ec488eaa0b729bf930768c207dd277d"
  integrity sha1-O73Iug7EiOqgtym/kwdowgfdJ30=

snabbdom-jsx-lite@1.0.11:
  version "1.0.11"
  resolved "https://registry.yarnpkg.com/snabbdom-jsx-lite/-/snabbdom-jsx-lite-1.0.11.tgz#121b5c103f30b73b6a1c7e5ce30009d38051342f"
  integrity sha512-TjBWjd9BWVCwUDHGyUBn0w844re01XhEk/orNzAHyHDIty2VqV7wae6UQ2nTLRxJwM4tam+IHmz77QkLe2PWbQ==

snabbdom@0.7.4:
  version "0.7.4"
  resolved "https://registry.yarnpkg.com/snabbdom/-/snabbdom-0.7.4.tgz#817f07e8d3fb870960c3763b8da56f1ba982d31a"
  integrity sha512-nnN+7uZ2NTIiu7EPMNwSDhmrYXqwlfCP/j72RdzvDPujXyvQxOW7Jl9yuLayzxMHDNWQR7FM6Pcn4wnDpKRe6Q==

snowpack@^3.0.11:
  version "3.0.11"
  resolved "https://registry.yarnpkg.com/snowpack/-/snowpack-3.0.11.tgz#95f69f95367116e3a9bb5112d090d6328f2d3a28"
  integrity sha512-lBxgkvWTgdg0szE31JUt01wQkA9Lnmm+6lxqeV9rxDfflpx7ASnldVHFvu7Se70QJmPTQB0UJjfKI+xmYGwiiQ==
  dependencies:
    esbuild "^0.8.7"
    open "^7.0.4"
    rollup "^2.34.0"
  optionalDependencies:
    fsevents "^2.2.0"

strip-final-newline@^2.0.0:
  version "2.0.0"
  resolved "https://registry.yarnpkg.com/strip-final-newline/-/strip-final-newline-2.0.0.tgz#89b852fb2fcbe936f6f4b3187afb0a12c1ab58ad"
  integrity sha512-BrpvfNAE3dcvq7ll3xVumzjKjZQ5tI1sEUIKr3Uoks0XUl45St3FlatVqef9prk4jRDzhW6WZg+3bk93y6pLjA==

typescript@^4.1.3:
  version "4.1.3"
  resolved "https://registry.yarnpkg.com/typescript/-/typescript-4.1.3.tgz#519d582bd94cba0cf8934c7d8e8467e473f53bb7"
  integrity sha512-B3ZIOf1IKeH2ixgHhj6la6xdwR9QrLC5d1VKeCSY4tvkqhF2eqd9O7txNlS0PO3GrBAFIdr3L1ndNwteUbZLYg==

uri-js@^4.2.2:
  version "4.4.1"
  resolved "https://registry.yarnpkg.com/uri-js/-/uri-js-4.4.1.tgz#9b1a52595225859e55f669d928f88c6c57f2a77e"
  integrity sha512-7rKUyy33Q1yc98pQ1DAmLtwX109F7TIfWlW1Ydo8Wl1ii1SeHieeh0HHfPeL2fMXK6z0s8ecKs9frCuLJvndBg==
  dependencies:
    punycode "^2.1.0"

webcomponent@1.2.2:
  version "1.2.2"
  resolved "https://registry.yarnpkg.com/webcomponent/-/webcomponent-1.2.2.tgz#6439865a2836744446d67d142c35602ad9d95c12"
  integrity sha512-yy7ud9cWH8et+9dIHmwiPHmQlnm6JBt64Y7Nx4yg5QIQrx9TgD8KBxDrSxmYmPoaj/w2HjN7s1+7fuSFSSrCqg==

which@^2.0.1:
  version "2.0.2"
  resolved "https://registry.yarnpkg.com/which/-/which-2.0.2.tgz#7c6a8dd0a636a0327e10b59c9286eee93f3f51b1"
  integrity sha512-BLI3Tl1TW3Pvl70l3yq3Y64i+awpwXqsGBYWkkqMtnbXgrMD+yj7rhW0kuEDxzJaYXGjEW5ogapKNMEKNMjibA==
  dependencies:
    isexe "^2.0.0"
